
Microsoft Visual Studio Solution File, Format Version 12.00
# Visual Studio Version 17
VisualStudioVersion = 17.1.31911.260
MinimumVisualStudioVersion = 10.0.40219.1
Project("{9A19103F-16F7-4668-BE54-9A1E7A4F7556}") = "Diga.WebView.Examples", "Diga.WebView.Examples\Diga.WebView.Examples.csproj", "{BC474458-2036-4E89-B0D0-5E4F865F3105}"
EndProject
Project("{2150E333-8FDC-42A3-9474-1A3956D46DE8}") = "Examples", "Examples", "{8F95D136-24EC-4366-B790-BE9D16E37F9E}"
EndProject
Project("{9A19103F-16F7-4668-BE54-9A1E7A4F7556}") = "HTMLEditor", "HTMLEditor\HTMLEditor.csproj", "{D60C082B-911A-4BEF-91EE-E3EEF6F9644F}"
EndProject
Project("{9A19103F-16F7-4668-BE54-9A1E7A4F7556}") = "PDFViewer", "PDFViewer\PDFViewer.csproj", "{84B24C43-CE26-4F09-BF14-06C6E9658DF3}"
EndProject
Project("{FAE04EC0-301F-11D3-BF4B-00C04F79EFBC}") = "HtmlControlExample", "HtmlControlExample\HtmlControlExample.csproj", "{20DC2B2C-7729-42AD-8A1A-24DC92102376}"
EndProject
Global
	GlobalSection(SolutionConfigurationPlatforms) = preSolution
		Debug|Any CPU = Debug|Any CPU
		Release|Any CPU = Release|Any CPU
	EndGlobalSection
	GlobalSection(ProjectConfigurationPlatforms) = postSolution
		{BC474458-2036-4E89-B0D0-5E4F865F3105}.Debug|Any CPU.ActiveCfg = Debug|Any CPU
		{BC474458-2036-4E89-B0D0-5E4F865F3105}.Debug|Any CPU.Build.0 = Debug|Any CPU
		{BC474458-2036-4E89-B0D0-5E4F865F3105}.Release|Any CPU.ActiveCfg = Release|Any CPU
		{BC474458-2036-4E89-B0D0-5E4F865F3105}.Release|Any CPU.Build.0 = Release|Any CPU
		{D60C082B-911A-4BEF-91EE-E3EEF6F9644F}.Debug|Any CPU.ActiveCfg = Debug|Any CPU
		{D60C082B-911A-4BEF-91EE-E3EEF6F9644F}.Debug|Any CPU.Build.0 = Debug|Any CPU
		{D60C082B-911A-4BEF-91EE-E3EEF6F9644F}.Release|Any CPU.ActiveCfg = Release|Any CPU
		{D60C082B-911A-4BEF-91EE-E3EEF6F9644F}.Release|Any CPU.Build.0 = Release|Any CPU
		{84B24C43-CE26-4F09-BF14-06C6E9658DF3}.Debug|Any CPU.ActiveCfg = Debug|Any CPU
		{84B24C43-CE26-4F09-BF14-06C6E9658DF3}.Debug|Any CPU.Build.0 = Debug|Any CPU
		{84B24C43-CE26-4F09-BF14-06C6E9658DF3}.Release|Any CPU.ActiveCfg = Release|Any CPU
		{84B24C43-CE26-4F09-BF14-06C6E9658DF3}.Release|Any CPU.Build.0 = Release|Any CPU
		{20DC2B2C-7729-42AD-8A1A-24DC92102376}.Debug|Any CPU.ActiveCfg = Debug|Any CPU
		{20DC2B2C-7729-42AD-8A1A-24DC92102376}.Debug|Any CPU.Build.0 = Debug|Any CPU
		{20DC2B2C-7729-42AD-8A1A-24DC92102376}.Release|Any CPU.ActiveCfg = Release|Any CPU
		{20DC2B2C-7729-42AD-8A1A-24DC92102376}.Release|Any CPU.Build.0 = Release|Any CPU
	EndGlobalSection
	GlobalSection(SolutionProperties) = preSolution
		HideSolutionNode = FALSE
	EndGlobalSection
	GlobalSection(NestedProjects) = preSolution
		{BC474458-2036-4E89-B0D0-5E4F865F3105} = {8F95D136-24EC-4366-B790-BE9D16E37F9E}
		{D60C082B-911A-4BEF-91EE-E3EEF6F9644F} = {8F95D136-24EC-4366-B790-BE9D16E37F9E}
		{84B24C43-CE26-4F09-BF14-06C6E9658DF3} = {8F95D136-24EC-4366-B790-BE9D16E37F9E}
		{20DC2B2C-7729-42AD-8A1A-24DC92102376} = {8F95D136-24EC-4366-B790-BE9D16E37F9E}
	EndGlobalSection
	GlobalSection(ExtensibilityGlobals) = postSolution
		SolutionGuid = {EF77A6A4-3979-438E-B4AD-347C002131AB}
	EndGlobalSection
EndGlobal
